
Microsoft Visual Studio Solution File, Format Version 12.00
# Visual Studio Version 16
VisualStudioVersion = 16.0.31911.196
MinimumVisualStudioVersion = 10.0.40219.1
Project("{FAE04EC0-301F-11D3-BF4B-00C04F79EFBC}") = "CRUD With File", "CRUD With File.csproj", "{3DA339A7-F4FF-43FA-85C8-1913A620D5BA}"
EndProject
Global
	GlobalSection(SolutionConfigurationPlatforms) = preSolution
		Debug|Any CPU = Debug|Any CPU
		Release|Any CPU = Release|Any CPU
	EndGlobalSection
	GlobalSection(ProjectConfigurationPlatforms) = postSolution
		{3DA339A7-F4FF-43FA-85C8-1913A620D5BA}.Debug|Any CPU.ActiveCfg = Debug|Any CPU
		{3DA339A7-F4FF-43FA-85C8-1913A620D5BA}.Debug|Any CPU.Build.0 = Debug|Any CPU
		{3DA339A7-F4FF-43FA-85C8-1913A620D5BA}.Release|Any CPU.ActiveCfg = Release|Any CPU
		{3DA339A7-F4FF-43FA-85C8-1913A620D5BA}.Release|Any CPU.Build.0 = Release|Any CPU
	EndGlobalSection
	GlobalSection(SolutionProperties) = preSolution
		HideSolutionNode = FALSE
	EndGlobalSection
	GlobalSection(ExtensibilityGlobals) = postSolution
		SolutionGuid = {D5A7324B-782E-45E8-B205-8EDAA1903295}
	EndGlobalSection
EndGlobal
